
Microsoft Visual Studio Solution File, Format Version 12.00
# Visual Studio Version 16
VisualStudioVersion = 16.0.28803.156
MinimumVisualStudioVersion = 10.0.40219.1
Project("{FAE04EC0-301F-11D3-BF4B-00C04F79EFBC}") = "Yapped", "Yapped\Yapped.csproj", "{DC08F234-1269-484E-BDE6-0C28F289DE80}"
	ProjectSection(ProjectDependencies) = postProject
		{BDF57D9C-6442-4AD1-B87A-5A5892BDC4BB} = {BDF57D9C-6442-4AD1-B87A-5A5892BDC4BB}
	EndProjectSection
EndProject
Project("{FAE04EC0-301F-11D3-BF4B-00C04F79EFBC}") = "Yapped.Test", "Yapped.Test\Yapped.Test.csproj", "{D72F604F-9DBD-4363-8837-035B1B80B5C7}"
EndProject
Project("{FAE04EC0-301F-11D3-BF4B-00C04F79EFBC}") = "Yapped.Dump", "Yapped.Dump\Yapped.Dump.csproj", "{E89CC074-5DBE-4BB2-B15E-C711F46243D5}"
EndProject
Project("{9A19103F-16F7-4668-BE54-9A1E7A4F7556}") = "SoulsFormats", "..\SoulsFormats\SoulsFormats\SoulsFormats.csproj", "{BDF57D9C-6442-4AD1-B87A-5A5892BDC4BB}"
EndProject
Project("{2150E333-8FDC-42A3-9474-1A3956D46DE8}") = "docs", "docs", "{6176F9D8-3E60-4FE9-9BC9-5E8C22BCC1DD}"
	ProjectSection(SolutionItems) = preProject
		README.md = README.md
	EndProjectSection
EndProject
Project("{9A19103F-16F7-4668-BE54-9A1E7A4F7556}") = "Yabber", "Yabber\Yabber.csproj", "{0406FE88-F044-4A16-994E-6E3C9715AC60}"
EndProject
Project("{9A19103F-16F7-4668-BE54-9A1E7A4F7556}") = "Yabber.Context", "Yabber.Context\Yabber.Context.csproj", "{A67A63D3-7C41-4127-93C9-F7C71471D26B}"
EndProject
Project("{9A19103F-16F7-4668-BE54-9A1E7A4F7556}") = "Yabber.DCX", "Yabber.DCX\Yabber.DCX.csproj", "{3037F615-871F-4EDB-A170-CD57660A1C35}"
EndProject
Project("{9A19103F-16F7-4668-BE54-9A1E7A4F7556}") = "UXM", "UXM\UXM.csproj", "{65D1F2F7-E668-460C-860B-CA5E0A5C6DBD}"
EndProject
Global
	GlobalSection(SolutionConfigurationPlatforms) = preSolution
		Debug|Any CPU = Debug|Any CPU
		Release|Any CPU = Release|Any CPU
	EndGlobalSection
	GlobalSection(ProjectConfigurationPlatforms) = postSolution
		{DC08F234-1269-484E-BDE6-0C28F289DE80}.Debug|Any CPU.ActiveCfg = Debug|Any CPU
		{DC08F234-1269-484E-BDE6-0C28F289DE80}.Debug|Any CPU.Build.0 = Debug|Any CPU
		{DC08F234-1269-484E-BDE6-0C28F289DE80}.Release|Any CPU.ActiveCfg = Release|Any CPU
		{DC08F234-1269-484E-BDE6-0C28F289DE80}.Release|Any CPU.Build.0 = Release|Any CPU
		{D72F604F-9DBD-4363-8837-035B1B80B5C7}.Debug|Any CPU.ActiveCfg = Debug|Any CPU
		{D72F604F-9DBD-4363-8837-035B1B80B5C7}.Debug|Any CPU.Build.0 = Debug|Any CPU
		{D72F604F-9DBD-4363-8837-035B1B80B5C7}.Release|Any CPU.ActiveCfg = Release|Any CPU
		{D72F604F-9DBD-4363-8837-035B1B80B5C7}.Release|Any CPU.Build.0 = Release|Any CPU
		{E89CC074-5DBE-4BB2-B15E-C711F46243D5}.Debug|Any CPU.ActiveCfg = Debug|Any CPU
		{E89CC074-5DBE-4BB2-B15E-C711F46243D5}.Debug|Any CPU.Build.0 = Debug|Any CPU
		{E89CC074-5DBE-4BB2-B15E-C711F46243D5}.Release|Any CPU.ActiveCfg = Release|Any CPU
		{E89CC074-5DBE-4BB2-B15E-C711F46243D5}.Release|Any CPU.Build.0 = Release|Any CPU
		{BDF57D9C-6442-4AD1-B87A-5A5892BDC4BB}.Debug|Any CPU.ActiveCfg = Debug|Any CPU
		{BDF57D9C-6442-4AD1-B87A-5A5892BDC4BB}.Debug|Any CPU.Build.0 = Debug|Any CPU
		{BDF57D9C-6442-4AD1-B87A-5A5892BDC4BB}.Release|Any CPU.ActiveCfg = Release|Any CPU
		{BDF57D9C-6442-4AD1-B87A-5A5892BDC4BB}.Release|Any CPU.Build.0 = Release|Any CPU
		{0406FE88-F044-4A16-994E-6E3C9715AC60}.Debug|Any CPU.ActiveCfg = Debug|Any CPU
		{0406FE88-F044-4A16-994E-6E3C9715AC60}.Debug|Any CPU.Build.0 = Debug|Any CPU
		{0406FE88-F044-4A16-994E-6E3C9715AC60}.Release|Any CPU.ActiveCfg = Release|Any CPU
		{0406FE88-F044-4A16-994E-6E3C9715AC60}.Release|Any CPU.Build.0 = Release|Any CPU
		{A67A63D3-7C41-4127-93C9-F7C71471D26B}.Debug|Any CPU.ActiveCfg = Debug|Any CPU
		{A67A63D3-7C41-4127-93C9-F7C71471D26B}.Debug|Any CPU.Build.0 = Debug|Any CPU
		{A67A63D3-7C41-4127-93C9-F7C71471D26B}.Release|Any CPU.ActiveCfg = Release|Any CPU
		{A67A63D3-7C41-4127-93C9-F7C71471D26B}.Release|Any CPU.Build.0 = Release|Any CPU
		{3037F615-871F-4EDB-A170-CD57660A1C35}.Debug|Any CPU.ActiveCfg = Debug|Any CPU
		{3037F615-871F-4EDB-A170-CD57660A1C35}.Debug|Any CPU.Build.0 = Debug|Any CPU
		{3037F615-871F-4EDB-A170-CD57660A1C35}.Release|Any CPU.ActiveCfg = Release|Any CPU
		{3037F615-871F-4EDB-A170-CD57660A1C35}.Release|Any CPU.Build.0 = Release|Any CPU
		{65D1F2F7-E668-460C-860B-CA5E0A5C6DBD}.Debug|Any CPU.ActiveCfg = Debug|Any CPU
		{65D1F2F7-E668-460C-860B-CA5E0A5C6DBD}.Debug|Any CPU.Build.0 = Debug|Any CPU
		{65D1F2F7-E668-460C-860B-CA5E0A5C6DBD}.Release|Any CPU.ActiveCfg = Release|Any CPU
		{65D1F2F7-E668-460C-860B-CA5E0A5C6DBD}.Release|Any CPU.Build.0 = Release|Any CPU
	EndGlobalSection
	GlobalSection(SolutionProperties) = preSolution
		HideSolutionNode = FALSE
	EndGlobalSection
	GlobalSection(ExtensibilityGlobals) = postSolution
		SolutionGuid = {A51FA724-1075-4000-8A24-8CD4C1493E09}
	EndGlobalSection
EndGlobal
